
Microsoft Visual Studio Solution File, Format Version 12.00
# Visual Studio Version 16
VisualStudioVersion = 16.0.30711.63
MinimumVisualStudioVersion = 15.0.26124.0
Project("{9A19103F-16F7-4668-BE54-9A1E7A4F7556}") = "Collections", "Collections\Collections.csproj", "{41FD75D4-2DDD-4297-B9CE-EB8631185ABF}"
EndProject
Project("{9A19103F-16F7-4668-BE54-9A1E7A4F7556}") = "Threading", "Threading\Threading.csproj", "{7C8C657A-FB23-4B9E-B4CA-489BBBF10435}"
EndProject
Project("{9A19103F-16F7-4668-BE54-9A1E7A4F7556}") = "Library", "Library\Library.csproj", "{BD67FF49-43EF-4FEA-8CBA-6394D63976C5}"
EndProject
Project("{9A19103F-16F7-4668-BE54-9A1E7A4F7556}") = "OOPs_And_DesignPatterns", "OOPs_And_DesignPatterns\OOPs_And_DesignPatterns.csproj", "{A97A6500-192C-432F-8921-085A01015E0F}"
EndProject
Project("{2150E333-8FDC-42A3-9474-1A3956D46DE8}") = "DataFiles", "DataFiles", "{795DEE7B-4619-4BBF-AE9D-2B320ABBD5A7}"
	ProjectSection(SolutionItems) = preProject
		DataFiles\fuel.csv = DataFiles\fuel.csv
		DataFiles\manufacturers.csv = DataFiles\manufacturers.csv
		DataFiles\Pop by Largest Final.csv = DataFiles\Pop by Largest Final.csv
	EndProjectSection
EndProject
Project("{9A19103F-16F7-4668-BE54-9A1E7A4F7556}") = "Linq", "Linq\Linq.csproj", "{4AE2BA29-E55A-4B2F-9599-C11066C44825}"
EndProject
Project("{9A19103F-16F7-4668-BE54-9A1E7A4F7556}") = "MultithreadingEx1", "MultithreadingEx1\MultithreadingEx1.csproj", "{A4D786F5-FECF-469B-96AE-715FDA64C476}"
EndProject
Project("{2150E333-8FDC-42A3-9474-1A3956D46DE8}") = "MultiThreading", "MultiThreading", "{D4F589C7-1052-48E1-8435-56E28ABCB89A}"
EndProject
Project("{2150E333-8FDC-42A3-9474-1A3956D46DE8}") = "OOPs_DesignPatterns", "OOPs_DesignPatterns", "{1FC0A75D-632C-4412-BE55-F19E4B7E59FC}"
EndProject
Project("{2150E333-8FDC-42A3-9474-1A3956D46DE8}") = "Collections_LINQ", "Collections_LINQ", "{D4AC5097-3514-4A65-B107-419B0E5AEE92}"
EndProject
Project("{2150E333-8FDC-42A3-9474-1A3956D46DE8}") = "REST", "REST", "{3240EC5E-5FB1-4554-B281-0F53BE966F8C}"
EndProject
Project("{2150E333-8FDC-42A3-9474-1A3956D46DE8}") = "C1_RestAPI", "C1_RestAPI", "{D1F8BFDB-6B1D-4C41-9719-C7EBD812FEC2}"
EndProject
Project("{9A19103F-16F7-4668-BE54-9A1E7A4F7556}") = "AppStore", "REST\C1_RestAPI\AppStore\AppStore.csproj", "{46A592A3-A717-4DCB-860F-EAAE7BA7EB80}"
EndProject
Project("{FAE04EC0-301F-11D3-BF4B-00C04F79EFBC}") = "StoreWebClient", "REST\C1_RestAPI\StoreWebClient\StoreWebClient.csproj", "{8747562B-B4F7-4A65-B51D-464E7D6AF9C8}"
EndProject
Project("{FAE04EC0-301F-11D3-BF4B-00C04F79EFBC}") = "Store.IdentityServer", "REST\C1_RestAPI\Store.IdentityServer\Store.IdentityServer.csproj", "{FCA9EB59-4542-4EB2-8488-B791684344D1}"
EndProject
Project("{FAE04EC0-301F-11D3-BF4B-00C04F79EFBC}") = "Store.SecureConsoleClient", "REST\C1_RestAPI\Store.SecureConsoleClient\Store.SecureConsoleClient.csproj", "{9FA06B6D-7352-4C7A-A118-26804936DA17}"
EndProject
Global
	GlobalSection(SolutionConfigurationPlatforms) = preSolution
		Debug|Any CPU = Debug|Any CPU
		Debug|x64 = Debug|x64
		Debug|x86 = Debug|x86
		Release|Any CPU = Release|Any CPU
		Release|x64 = Release|x64
		Release|x86 = Release|x86
	EndGlobalSection
	GlobalSection(ProjectConfigurationPlatforms) = postSolution
		{41FD75D4-2DDD-4297-B9CE-EB8631185ABF}.Debug|Any CPU.ActiveCfg = Debug|Any CPU
		{41FD75D4-2DDD-4297-B9CE-EB8631185ABF}.Debug|Any CPU.Build.0 = Debug|Any CPU
		{41FD75D4-2DDD-4297-B9CE-EB8631185ABF}.Debug|x64.ActiveCfg = Debug|Any CPU
		{41FD75D4-2DDD-4297-B9CE-EB8631185ABF}.Debug|x64.Build.0 = Debug|Any CPU
		{41FD75D4-2DDD-4297-B9CE-EB8631185ABF}.Debug|x86.ActiveCfg = Debug|Any CPU
		{41FD75D4-2DDD-4297-B9CE-EB8631185ABF}.Debug|x86.Build.0 = Debug|Any CPU
		{41FD75D4-2DDD-4297-B9CE-EB8631185ABF}.Release|Any CPU.ActiveCfg = Release|Any CPU
		{41FD75D4-2DDD-4297-B9CE-EB8631185ABF}.Release|Any CPU.Build.0 = Release|Any CPU
		{41FD75D4-2DDD-4297-B9CE-EB8631185ABF}.Release|x64.ActiveCfg = Release|Any CPU
		{41FD75D4-2DDD-4297-B9CE-EB8631185ABF}.Release|x64.Build.0 = Release|Any CPU
		{41FD75D4-2DDD-4297-B9CE-EB8631185ABF}.Release|x86.ActiveCfg = Release|Any CPU
		{41FD75D4-2DDD-4297-B9CE-EB8631185ABF}.Release|x86.Build.0 = Release|Any CPU
		{7C8C657A-FB23-4B9E-B4CA-489BBBF10435}.Debug|Any CPU.ActiveCfg = Debug|Any CPU
		{7C8C657A-FB23-4B9E-B4CA-489BBBF10435}.Debug|Any CPU.Build.0 = Debug|Any CPU
		{7C8C657A-FB23-4B9E-B4CA-489BBBF10435}.Debug|x64.ActiveCfg = Debug|Any CPU
		{7C8C657A-FB23-4B9E-B4CA-489BBBF10435}.Debug|x64.Build.0 = Debug|Any CPU
		{7C8C657A-FB23-4B9E-B4CA-489BBBF10435}.Debug|x86.ActiveCfg = Debug|Any CPU
		{7C8C657A-FB23-4B9E-B4CA-489BBBF10435}.Debug|x86.Build.0 = Debug|Any CPU
		{7C8C657A-FB23-4B9E-B4CA-489BBBF10435}.Release|Any CPU.ActiveCfg = Release|Any CPU
		{7C8C657A-FB23-4B9E-B4CA-489BBBF10435}.Release|Any CPU.Build.0 = Release|Any CPU
		{7C8C657A-FB23-4B9E-B4CA-489BBBF10435}.Release|x64.ActiveCfg = Release|Any CPU
		{7C8C657A-FB23-4B9E-B4CA-489BBBF10435}.Release|x64.Build.0 = Release|Any CPU
		{7C8C657A-FB23-4B9E-B4CA-489BBBF10435}.Release|x86.ActiveCfg = Release|Any CPU
		{7C8C657A-FB23-4B9E-B4CA-489BBBF10435}.Release|x86.Build.0 = Release|Any CPU
		{BD67FF49-43EF-4FEA-8CBA-6394D63976C5}.Debug|Any CPU.ActiveCfg = Debug|Any CPU
		{BD67FF49-43EF-4FEA-8CBA-6394D63976C5}.Debug|Any CPU.Build.0 = Debug|Any CPU
		{BD67FF49-43EF-4FEA-8CBA-6394D63976C5}.Debug|x64.ActiveCfg = Debug|Any CPU
		{BD67FF49-43EF-4FEA-8CBA-6394D63976C5}.Debug|x64.Build.0 = Debug|Any CPU
		{BD67FF49-43EF-4FEA-8CBA-6394D63976C5}.Debug|x86.ActiveCfg = Debug|Any CPU
		{BD67FF49-43EF-4FEA-8CBA-6394D63976C5}.Debug|x86.Build.0 = Debug|Any CPU
		{BD67FF49-43EF-4FEA-8CBA-6394D63976C5}.Release|Any CPU.ActiveCfg = Release|Any CPU
		{BD67FF49-43EF-4FEA-8CBA-6394D63976C5}.Release|Any CPU.Build.0 = Release|Any CPU
		{BD67FF49-43EF-4FEA-8CBA-6394D63976C5}.Release|x64.ActiveCfg = Release|Any CPU
		{BD67FF49-43EF-4FEA-8CBA-6394D63976C5}.Release|x64.Build.0 = Release|Any CPU
		{BD67FF49-43EF-4FEA-8CBA-6394D63976C5}.Release|x86.ActiveCfg = Release|Any CPU
		{BD67FF49-43EF-4FEA-8CBA-6394D63976C5}.Release|x86.Build.0 = Release|Any CPU
		{A97A6500-192C-432F-8921-085A01015E0F}.Debug|Any CPU.ActiveCfg = Debug|Any CPU
		{A97A6500-192C-432F-8921-085A01015E0F}.Debug|Any CPU.Build.0 = Debug|Any CPU
		{A97A6500-192C-432F-8921-085A01015E0F}.Debug|x64.ActiveCfg = Debug|Any CPU
		{A97A6500-192C-432F-8921-085A01015E0F}.Debug|x64.Build.0 = Debug|Any CPU
		{A97A6500-192C-432F-8921-085A01015E0F}.Debug|x86.ActiveCfg = Debug|Any CPU
		{A97A6500-192C-432F-8921-085A01015E0F}.Debug|x86.Build.0 = Debug|Any CPU
		{A97A6500-192C-432F-8921-085A01015E0F}.Release|Any CPU.ActiveCfg = Release|Any CPU
		{A97A6500-192C-432F-8921-085A01015E0F}.Release|Any CPU.Build.0 = Release|Any CPU
		{A97A6500-192C-432F-8921-085A01015E0F}.Release|x64.ActiveCfg = Release|Any CPU
		{A97A6500-192C-432F-8921-085A01015E0F}.Release|x64.Build.0 = Release|Any CPU
		{A97A6500-192C-432F-8921-085A01015E0F}.Release|x86.ActiveCfg = Release|Any CPU
		{A97A6500-192C-432F-8921-085A01015E0F}.Release|x86.Build.0 = Release|Any CPU
		{4AE2BA29-E55A-4B2F-9599-C11066C44825}.Debug|Any CPU.ActiveCfg = Debug|Any CPU
		{4AE2BA29-E55A-4B2F-9599-C11066C44825}.Debug|Any CPU.Build.0 = Debug|Any CPU
		{4AE2BA29-E55A-4B2F-9599-C11066C44825}.Debug|x64.ActiveCfg = Debug|Any CPU
		{4AE2BA29-E55A-4B2F-9599-C11066C44825}.Debug|x64.Build.0 = Debug|Any CPU
		{4AE2BA29-E55A-4B2F-9599-C11066C44825}.Debug|x86.ActiveCfg = Debug|Any CPU
		{4AE2BA29-E55A-4B2F-9599-C11066C44825}.Debug|x86.Build.0 = Debug|Any CPU
		{4AE2BA29-E55A-4B2F-9599-C11066C44825}.Release|Any CPU.ActiveCfg = Release|Any CPU
		{4AE2BA29-E55A-4B2F-9599-C11066C44825}.Release|Any CPU.Build.0 = Release|Any CPU
		{4AE2BA29-E55A-4B2F-9599-C11066C44825}.Release|x64.ActiveCfg = Release|Any CPU
		{4AE2BA29-E55A-4B2F-9599-C11066C44825}.Release|x64.Build.0 = Release|Any CPU
		{4AE2BA29-E55A-4B2F-9599-C11066C44825}.Release|x86.ActiveCfg = Release|Any CPU
		{4AE2BA29-E55A-4B2F-9599-C11066C44825}.Release|x86.Build.0 = Release|Any CPU
		{A4D786F5-FECF-469B-96AE-715FDA64C476}.Debug|Any CPU.ActiveCfg = Debug|Any CPU
		{A4D786F5-FECF-469B-96AE-715FDA64C476}.Debug|Any CPU.Build.0 = Debug|Any CPU
		{A4D786F5-FECF-469B-96AE-715FDA64C476}.Debug|x64.ActiveCfg = Debug|Any CPU
		{A4D786F5-FECF-469B-96AE-715FDA64C476}.Debug|x64.Build.0 = Debug|Any CPU
		{A4D786F5-FECF-469B-96AE-715FDA64C476}.Debug|x86.ActiveCfg = Debug|Any CPU
		{A4D786F5-FECF-469B-96AE-715FDA64C476}.Debug|x86.Build.0 = Debug|Any CPU
		{A4D786F5-FECF-469B-96AE-715FDA64C476}.Release|Any CPU.ActiveCfg = Release|Any CPU
		{A4D786F5-FECF-469B-96AE-715FDA64C476}.Release|Any CPU.Build.0 = Release|Any CPU
		{A4D786F5-FECF-469B-96AE-715FDA64C476}.Release|x64.ActiveCfg = Release|Any CPU
		{A4D786F5-FECF-469B-96AE-715FDA64C476}.Release|x64.Build.0 = Release|Any CPU
		{A4D786F5-FECF-469B-96AE-715FDA64C476}.Release|x86.ActiveCfg = Release|Any CPU
		{A4D786F5-FECF-469B-96AE-715FDA64C476}.Release|x86.Build.0 = Release|Any CPU
		{46A592A3-A717-4DCB-860F-EAAE7BA7EB80}.Debug|Any CPU.ActiveCfg = Debug|Any CPU
		{46A592A3-A717-4DCB-860F-EAAE7BA7EB80}.Debug|Any CPU.Build.0 = Debug|Any CPU
		{46A592A3-A717-4DCB-860F-EAAE7BA7EB80}.Debug|x64.ActiveCfg = Debug|Any CPU
		{46A592A3-A717-4DCB-860F-EAAE7BA7EB80}.Debug|x64.Build.0 = Debug|Any CPU
		{46A592A3-A717-4DCB-860F-EAAE7BA7EB80}.Debug|x86.ActiveCfg = Debug|Any CPU
		{46A592A3-A717-4DCB-860F-EAAE7BA7EB80}.Debug|x86.Build.0 = Debug|Any CPU
		{46A592A3-A717-4DCB-860F-EAAE7BA7EB80}.Release|Any CPU.ActiveCfg = Release|Any CPU
		{46A592A3-A717-4DCB-860F-EAAE7BA7EB80}.Release|Any CPU.Build.0 = Release|Any CPU
		{46A592A3-A717-4DCB-860F-EAAE7BA7EB80}.Release|x64.ActiveCfg = Release|Any CPU
		{46A592A3-A717-4DCB-860F-EAAE7BA7EB80}.Release|x64.Build.0 = Release|Any CPU
		{46A592A3-A717-4DCB-860F-EAAE7BA7EB80}.Release|x86.ActiveCfg = Release|Any CPU
		{46A592A3-A717-4DCB-860F-EAAE7BA7EB80}.Release|x86.Build.0 = Release|Any CPU
		{8747562B-B4F7-4A65-B51D-464E7D6AF9C8}.Debug|Any CPU.ActiveCfg = Debug|Any CPU
		{8747562B-B4F7-4A65-B51D-464E7D6AF9C8}.Debug|Any CPU.Build.0 = Debug|Any CPU
		{8747562B-B4F7-4A65-B51D-464E7D6AF9C8}.Debug|x64.ActiveCfg = Debug|Any CPU
		{8747562B-B4F7-4A65-B51D-464E7D6AF9C8}.Debug|x64.Build.0 = Debug|Any CPU
		{8747562B-B4F7-4A65-B51D-464E7D6AF9C8}.Debug|x86.ActiveCfg = Debug|Any CPU
		{8747562B-B4F7-4A65-B51D-464E7D6AF9C8}.Debug|x86.Build.0 = Debug|Any CPU
		{8747562B-B4F7-4A65-B51D-464E7D6AF9C8}.Release|Any CPU.ActiveCfg = Release|Any CPU
		{8747562B-B4F7-4A65-B51D-464E7D6AF9C8}.Release|Any CPU.Build.0 = Release|Any CPU
		{8747562B-B4F7-4A65-B51D-464E7D6AF9C8}.Release|x64.ActiveCfg = Release|Any CPU
		{8747562B-B4F7-4A65-B51D-464E7D6AF9C8}.Release|x64.Build.0 = Release|Any CPU
		{8747562B-B4F7-4A65-B51D-464E7D6AF9C8}.Release|x86.ActiveCfg = Release|Any CPU
		{8747562B-B4F7-4A65-B51D-464E7D6AF9C8}.Release|x86.Build.0 = Release|Any CPU
		{FCA9EB59-4542-4EB2-8488-B791684344D1}.Debug|Any CPU.ActiveCfg = Debug|Any CPU
		{FCA9EB59-4542-4EB2-8488-B791684344D1}.Debug|Any CPU.Build.0 = Debug|Any CPU
		{FCA9EB59-4542-4EB2-8488-B791684344D1}.Debug|x64.ActiveCfg = Debug|Any CPU
		{FCA9EB59-4542-4EB2-8488-B791684344D1}.Debug|x64.Build.0 = Debug|Any CPU
		{FCA9EB59-4542-4EB2-8488-B791684344D1}.Debug|x86.ActiveCfg = Debug|Any CPU
		{FCA9EB59-4542-4EB2-8488-B791684344D1}.Debug|x86.Build.0 = Debug|Any CPU
		{FCA9EB59-4542-4EB2-8488-B791684344D1}.Release|Any CPU.ActiveCfg = Release|Any CPU
		{FCA9EB59-4542-4EB2-8488-B791684344D1}.Release|Any CPU.Build.0 = Release|Any CPU
		{FCA9EB59-4542-4EB2-8488-B791684344D1}.Release|x64.ActiveCfg = Release|Any CPU
		{FCA9EB59-4542-4EB2-8488-B791684344D1}.Release|x64.Build.0 = Release|Any CPU
		{FCA9EB59-4542-4EB2-8488-B791684344D1}.Release|x86.ActiveCfg = Release|Any CPU
		{FCA9EB59-4542-4EB2-8488-B791684344D1}.Release|x86.Build.0 = Release|Any CPU
		{9FA06B6D-7352-4C7A-A118-26804936DA17}.Debug|Any CPU.ActiveCfg = Debug|Any CPU
		{9FA06B6D-7352-4C7A-A118-26804936DA17}.Debug|Any CPU.Build.0 = Debug|Any CPU
		{9FA06B6D-7352-4C7A-A118-26804936DA17}.Debug|x64.ActiveCfg = Debug|Any CPU
		{9FA06B6D-7352-4C7A-A118-26804936DA17}.Debug|x64.Build.0 = Debug|Any CPU
		{9FA06B6D-7352-4C7A-A118-26804936DA17}.Debug|x86.ActiveCfg = Debug|Any CPU
		{9FA06B6D-7352-4C7A-A118-26804936DA17}.Debug|x86.Build.0 = Debug|Any CPU
		{9FA06B6D-7352-4C7A-A118-26804936DA17}.Release|Any CPU.ActiveCfg = Release|Any CPU
		{9FA06B6D-7352-4C7A-A118-26804936DA17}.Release|Any CPU.Build.0 = Release|Any CPU
		{9FA06B6D-7352-4C7A-A118-26804936DA17}.Release|x64.ActiveCfg = Release|Any CPU
		{9FA06B6D-7352-4C7A-A118-26804936DA17}.Release|x64.Build.0 = Release|Any CPU
		{9FA06B6D-7352-4C7A-A118-26804936DA17}.Release|x86.ActiveCfg = Release|Any CPU
		{9FA06B6D-7352-4C7A-A118-26804936DA17}.Release|x86.Build.0 = Release|Any CPU
	EndGlobalSection
	GlobalSection(SolutionProperties) = preSolution
		HideSolutionNode = FALSE
	EndGlobalSection
	GlobalSection(NestedProjects) = preSolution
		{41FD75D4-2DDD-4297-B9CE-EB8631185ABF} = {D4AC5097-3514-4A65-B107-419B0E5AEE92}
		{7C8C657A-FB23-4B9E-B4CA-489BBBF10435} = {D4F589C7-1052-48E1-8435-56E28ABCB89A}
		{A97A6500-192C-432F-8921-085A01015E0F} = {1FC0A75D-632C-4412-BE55-F19E4B7E59FC}
		{4AE2BA29-E55A-4B2F-9599-C11066C44825} = {D4AC5097-3514-4A65-B107-419B0E5AEE92}
		{A4D786F5-FECF-469B-96AE-715FDA64C476} = {D4F589C7-1052-48E1-8435-56E28ABCB89A}
		{D1F8BFDB-6B1D-4C41-9719-C7EBD812FEC2} = {3240EC5E-5FB1-4554-B281-0F53BE966F8C}
		{46A592A3-A717-4DCB-860F-EAAE7BA7EB80} = {D1F8BFDB-6B1D-4C41-9719-C7EBD812FEC2}
		{8747562B-B4F7-4A65-B51D-464E7D6AF9C8} = {D1F8BFDB-6B1D-4C41-9719-C7EBD812FEC2}
		{FCA9EB59-4542-4EB2-8488-B791684344D1} = {D1F8BFDB-6B1D-4C41-9719-C7EBD812FEC2}
		{9FA06B6D-7352-4C7A-A118-26804936DA17} = {D1F8BFDB-6B1D-4C41-9719-C7EBD812FEC2}
	EndGlobalSection
	GlobalSection(ExtensibilityGlobals) = postSolution
		SolutionGuid = {65C19044-9F1D-44DB-ADD0-027B26F69B5A}
	EndGlobalSection
EndGlobal
